
Microsoft Visual Studio Solution File, Format Version 12.00
# Visual Studio Version 17
VisualStudioVersion = 17.3.32825.248
MinimumVisualStudioVersion = 10.0.40219.1
Project("{2150E333-8FDC-42A3-9474-1A3956D46DE8}") = "src", "src", "{97AB0E2D-875F-452A-85A0-28005EBFC31D}"
EndProject
Project("{FAE04EC0-301F-11D3-BF4B-00C04F79EFBC}") = "Internexus.Address.WebApi", "src\Internexus.Address.WebApi\Internexus.Address.WebApi.csproj", "{5E9212CB-101E-462A-8922-BA37A5547607}"
EndProject
Project("{FAE04EC0-301F-11D3-BF4B-00C04F79EFBC}") = "Internexus.Address.Domain", "src\Internexus.Address.Domain\Internexus.Address.Domain.csproj", "{575E1005-BAAC-4402-9522-5B990A71CDA2}"
EndProject
Project("{FAE04EC0-301F-11D3-BF4B-00C04F79EFBC}") = "Internexus.Address.Infra", "src\Internexus.Address.Infra\Internexus.Address.Infra.csproj", "{E7BEE854-4EA4-49BB-B3DA-D59327E0846E}"
EndProject
Global
	GlobalSection(SolutionConfigurationPlatforms) = preSolution
		Debug|Any CPU = Debug|Any CPU
		Release|Any CPU = Release|Any CPU
	EndGlobalSection
	GlobalSection(ProjectConfigurationPlatforms) = postSolution
		{5E9212CB-101E-462A-8922-BA37A5547607}.Debug|Any CPU.ActiveCfg = Debug|Any CPU
		{5E9212CB-101E-462A-8922-BA37A5547607}.Debug|Any CPU.Build.0 = Debug|Any CPU
		{5E9212CB-101E-462A-8922-BA37A5547607}.Release|Any CPU.ActiveCfg = Release|Any CPU
		{5E9212CB-101E-462A-8922-BA37A5547607}.Release|Any CPU.Build.0 = Release|Any CPU
		{575E1005-BAAC-4402-9522-5B990A71CDA2}.Debug|Any CPU.ActiveCfg = Debug|Any CPU
		{575E1005-BAAC-4402-9522-5B990A71CDA2}.Debug|Any CPU.Build.0 = Debug|Any CPU
		{575E1005-BAAC-4402-9522-5B990A71CDA2}.Release|Any CPU.ActiveCfg = Release|Any CPU
		{575E1005-BAAC-4402-9522-5B990A71CDA2}.Release|Any CPU.Build.0 = Release|Any CPU
		{E7BEE854-4EA4-49BB-B3DA-D59327E0846E}.Debug|Any CPU.ActiveCfg = Debug|Any CPU
		{E7BEE854-4EA4-49BB-B3DA-D59327E0846E}.Debug|Any CPU.Build.0 = Debug|Any CPU
		{E7BEE854-4EA4-49BB-B3DA-D59327E0846E}.Release|Any CPU.ActiveCfg = Release|Any CPU
		{E7BEE854-4EA4-49BB-B3DA-D59327E0846E}.Release|Any CPU.Build.0 = Release|Any CPU
	EndGlobalSection
	GlobalSection(SolutionProperties) = preSolution
		HideSolutionNode = FALSE
	EndGlobalSection
	GlobalSection(NestedProjects) = preSolution
		{5E9212CB-101E-462A-8922-BA37A5547607} = {97AB0E2D-875F-452A-85A0-28005EBFC31D}
		{575E1005-BAAC-4402-9522-5B990A71CDA2} = {97AB0E2D-875F-452A-85A0-28005EBFC31D}
		{E7BEE854-4EA4-49BB-B3DA-D59327E0846E} = {97AB0E2D-875F-452A-85A0-28005EBFC31D}
	EndGlobalSection
	GlobalSection(ExtensibilityGlobals) = postSolution
		SolutionGuid = {F5BFF35C-B04D-497B-A06C-651A16BF6E7A}
	EndGlobalSection
EndGlobal
